
Microsoft Visual Studio Solution File, Format Version 12.00
# Visual Studio Version 16
VisualStudioVersion = 16.0.29728.190
MinimumVisualStudioVersion = 10.0.40219.1
Project("{FAE04EC0-301F-11D3-BF4B-00C04F79EFBC}") = "AsciiPasswordGenerator", "AsciiPasswordGenerator\AsciiPasswordGenerator.csproj", "{CA0E4672-6805-4AFC-A0CF-D71FFA7029FB}"
EndProject
Global
	GlobalSection(SolutionConfigurationPlatforms) = preSolution
		Debug|Any CPU = Debug|Any CPU
		Release|Any CPU = Release|Any CPU
	EndGlobalSection
	GlobalSection(ProjectConfigurationPlatforms) = postSolution
		{CA0E4672-6805-4AFC-A0CF-D71FFA7029FB}.Debug|Any CPU.ActiveCfg = Debug|Any CPU
		{CA0E4672-6805-4AFC-A0CF-D71FFA7029FB}.Debug|Any CPU.Build.0 = Debug|Any CPU
		{CA0E4672-6805-4AFC-A0CF-D71FFA7029FB}.Release|Any CPU.ActiveCfg = Release|Any CPU
		{CA0E4672-6805-4AFC-A0CF-D71FFA7029FB}.Release|Any CPU.Build.0 = Release|Any CPU
	EndGlobalSection
	GlobalSection(SolutionProperties) = preSolution
		HideSolutionNode = FALSE
	EndGlobalSection
	GlobalSection(ExtensibilityGlobals) = postSolution
		SolutionGuid = {B717A565-156E-4149-9D33-A1CB5B89B292}
	EndGlobalSection
EndGlobal
